
Microsoft Visual Studio Solution File, Format Version 12.00
# Visual Studio Version 16
VisualStudioVersion = 16.0.31025.194
MinimumVisualStudioVersion = 10.0.40219.1
Project("{FAE04EC0-301F-11D3-BF4B-00C04F79EFBC}") = "RosePurchaseManagementApp", "ProjectTeam05RosePurchaseManagement\RosePurchaseManagementApp.csproj", "{7D507F71-31D8-4FCA-AC97-1D3226129378}"
EndProject
Project("{00D1A9C2-B5F0-4AF3-8072-F6C62B433612}") = "DatabaseRosePurchaseManagementApp", "DatabaseRosePurchaseManagement\DatabaseRosePurchaseManagementApp.sqlproj", "{703D54CC-D332-42EB-868A-2517B6F5A141}"
EndProject
Project("{FAE04EC0-301F-11D3-BF4B-00C04F79EFBC}") = "RosePurchaseManagementCodeFirstFromDB", "RosePurchaseManagementCodeFirstFromDB\RosePurchaseManagementCodeFirstFromDB.csproj", "{7EEE5EAF-37A1-45AF-B7B7-5B86A28E06F1}"
EndProject
Project("{2150E333-8FDC-42A3-9474-1A3956D46DE8}") = "Solution Items", "Solution Items", "{2E13243C-2DD3-468B-903A-E51539D84229}"
EndProject
Project("{FAE04EC0-301F-11D3-BF4B-00C04F79EFBC}") = "EFControllerUtilities", "EFControllerUtilities\EFControllerUtilities.csproj", "{CC9EABE2-B18C-4195-90D9-524324DC83CC}"
EndProject
Global
	GlobalSection(SolutionConfigurationPlatforms) = preSolution
		Debug|Any CPU = Debug|Any CPU
		Release|Any CPU = Release|Any CPU
	EndGlobalSection
	GlobalSection(ProjectConfigurationPlatforms) = postSolution
		{7D507F71-31D8-4FCA-AC97-1D3226129378}.Debug|Any CPU.ActiveCfg = Debug|Any CPU
		{7D507F71-31D8-4FCA-AC97-1D3226129378}.Debug|Any CPU.Build.0 = Debug|Any CPU
		{7D507F71-31D8-4FCA-AC97-1D3226129378}.Release|Any CPU.ActiveCfg = Release|Any CPU
		{7D507F71-31D8-4FCA-AC97-1D3226129378}.Release|Any CPU.Build.0 = Release|Any CPU
		{703D54CC-D332-42EB-868A-2517B6F5A141}.Debug|Any CPU.ActiveCfg = Debug|Any CPU
		{703D54CC-D332-42EB-868A-2517B6F5A141}.Debug|Any CPU.Build.0 = Debug|Any CPU
		{703D54CC-D332-42EB-868A-2517B6F5A141}.Debug|Any CPU.Deploy.0 = Debug|Any CPU
		{703D54CC-D332-42EB-868A-2517B6F5A141}.Release|Any CPU.ActiveCfg = Release|Any CPU
		{703D54CC-D332-42EB-868A-2517B6F5A141}.Release|Any CPU.Build.0 = Release|Any CPU
		{703D54CC-D332-42EB-868A-2517B6F5A141}.Release|Any CPU.Deploy.0 = Release|Any CPU
		{7EEE5EAF-37A1-45AF-B7B7-5B86A28E06F1}.Debug|Any CPU.ActiveCfg = Debug|Any CPU
		{7EEE5EAF-37A1-45AF-B7B7-5B86A28E06F1}.Debug|Any CPU.Build.0 = Debug|Any CPU
		{7EEE5EAF-37A1-45AF-B7B7-5B86A28E06F1}.Release|Any CPU.ActiveCfg = Release|Any CPU
		{7EEE5EAF-37A1-45AF-B7B7-5B86A28E06F1}.Release|Any CPU.Build.0 = Release|Any CPU
		{CC9EABE2-B18C-4195-90D9-524324DC83CC}.Debug|Any CPU.ActiveCfg = Debug|Any CPU
		{CC9EABE2-B18C-4195-90D9-524324DC83CC}.Debug|Any CPU.Build.0 = Debug|Any CPU
		{CC9EABE2-B18C-4195-90D9-524324DC83CC}.Release|Any CPU.ActiveCfg = Release|Any CPU
		{CC9EABE2-B18C-4195-90D9-524324DC83CC}.Release|Any CPU.Build.0 = Release|Any CPU
	EndGlobalSection
	GlobalSection(SolutionProperties) = preSolution
		HideSolutionNode = FALSE
	EndGlobalSection
	GlobalSection(ExtensibilityGlobals) = postSolution
		SolutionGuid = {5E90A453-A05D-416C-A376-85686619FF17}
	EndGlobalSection
EndGlobal
